
Microsoft Visual Studio Solution File, Format Version 12.00
# Visual Studio Version 17
VisualStudioVersion = 17.12.35707.178
MinimumVisualStudioVersion = 10.0.40219.1
Project("{FAE04EC0-301F-11D3-BF4B-00C04F79EFBC}") = "API", "API\API.csproj", "{F630DB53-9B04-4CCB-9154-3C464AEBF098}"
EndProject
Project("{FAE04EC0-301F-11D3-BF4B-00C04F79EFBC}") = "CAG", "CAG\CAG.csproj", "{C4D92A46-3B43-4B36-A0C2-9480923D807D}"
EndProject
Global
	GlobalSection(SolutionConfigurationPlatforms) = preSolution
		Debug|Any CPU = Debug|Any CPU
		Release|Any CPU = Release|Any CPU
	EndGlobalSection
	GlobalSection(ProjectConfigurationPlatforms) = postSolution
		{F630DB53-9B04-4CCB-9154-3C464AEBF098}.Debug|Any CPU.ActiveCfg = Debug|Any CPU
		{F630DB53-9B04-4CCB-9154-3C464AEBF098}.Debug|Any CPU.Build.0 = Debug|Any CPU
		{F630DB53-9B04-4CCB-9154-3C464AEBF098}.Release|Any CPU.ActiveCfg = Release|Any CPU
		{F630DB53-9B04-4CCB-9154-3C464AEBF098}.Release|Any CPU.Build.0 = Release|Any CPU
		{C4D92A46-3B43-4B36-A0C2-9480923D807D}.Debug|Any CPU.ActiveCfg = Debug|Any CPU
		{C4D92A46-3B43-4B36-A0C2-9480923D807D}.Debug|Any CPU.Build.0 = Debug|Any CPU
		{C4D92A46-3B43-4B36-A0C2-9480923D807D}.Release|Any CPU.ActiveCfg = Release|Any CPU
		{C4D92A46-3B43-4B36-A0C2-9480923D807D}.Release|Any CPU.Build.0 = Release|Any CPU
	EndGlobalSection
	GlobalSection(SolutionProperties) = preSolution
		HideSolutionNode = FALSE
	EndGlobalSection
EndGlobal
